{
  "version": 4,
  "terraform_version": "1.12.2",
  "serial": 184,
  "lineage": "5acfe73c-c227-6d15-6668-908cf4b8b898",
  "outputs": {},
  "resources": [
    {
      "mode": "data",
      "type": "aws_eks_cluster",
      "name": "cluster",
      "provider": "provider[\"registry.terraform.io/hashicorp/aws\"]",
      "instances": [
        {
          "schema_version": 0,
          "attributes": {
            "access_config": [
              {
                "authentication_mode": "API",
                "bootstrap_cluster_creator_admin_permissions": true
              }
            ],
            "arn": "arn:aws:eks:us-east-1:243645409029:cluster/eks-techchallenge-fiap-fase3-2153",
            "certificate_authority": [
              {
                "data": "LS0tLS1CRUdJTiBDRVJUSUZJQ0FURS0tLS0tCk1JSURCVENDQWUyZ0F3SUJBZ0lJYkREYk9xc1RVNVV3RFFZSktvWklodmNOQVFFTEJRQXdGVEVUTUJFR0ExVUUKQXhNS2EzVmlaWEp1WlhSbGN6QWVGdzB5TlRFd01EVXhORFE1TVRCYUZ3MHpOVEV3TURNeE5EVTBNVEJhTUJVeApFekFSQmdOVkJBTVRDbXQxWW1WeWJtVjBaWE13Z2dFaU1BMEdDU3FHU0liM0RRRUJBUVVBQTRJQkR3QXdnZ0VLCkFvSUJBUURuQzBNbHRnbkY2MEVsVzI2aTV5ckVBK3hzMWY2Y29tQjdmT3dxU1cvWmFOU1pRVlhIeVRHbExGVjEKMWJDYVQ2WVhXL2pMdEN4ckVjbG9Rb3d2UmJQWjVEK1VLNTlTTjBZY2pKZU9tWTNIRFJteFptWDJtQ21HUGREZgpRSi80QWxqeG9BVXAxZHE4VkdCQ2p5YTdCN0VlSDV0b2xiUStONUVzY1BEYmZTWHlrN2NKdDJiZlNOT0xHbzhMCit3V3kzT3BsY1JWNEtmSjRHNm1qMUJRRkI4U0NoTGQzZG5yRTZFYkxDSmlyY1E0bVdlZVJkMjNKNGFmQ2xzWTgKS2xFUWFZa0tyVjZpT0pXN3ZpNENROG9SZ3dvTEx5Mnl4UXk5aGVVc3BxUjJNa25VdmtxdnFLV2lpSXN0SlExVwo1Ykk0QnBrNFUzbHhxMnZmeWtXT1VmaGZQTFJMQWdNQkFBR2pXVEJYTUE0R0ExVWREd0VCL3dRRUF3SUNwREFQCkJnTlZIUk1CQWY4RUJUQURBUUgvTUIwR0ExVWREZ1FXQkJRbzJwakQrZ0VCS0FDeVVVY2FWWFYwZFZrNTdqQVYKQmdOVkhSRUVEakFNZ2dwcmRXSmxjbTVsZEdWek1BMEdDU3FHU0liM0RRRUJDd1VBQTRJQkFRQnU2TnFnTmk1TgozVXZZNEw0bktNZC9FUE52OG14YjJHMm9rUFZkcUt5WXhUSHR2Q25wNUZ4b3ZJTVFVb3Q1bGRjam9icXZFbWhzCnNnRTJWbU1OOWQ3R1c3RU5nVXQ4MndzdWV2ZndPeFE2ZDgrcTJyVHBXUGd6OVVtQkVFV1VxbGYwTGh4SjgrOG0KN21MOEM1VzZVa1hkKzIyRU5GbGttZEJDUkY0OWJ6eElNUURFRnNEdS9yVjFNVUV5ODN4SUMweDQ0c0wwOVVUTApJRzhzUjJKWWxCZkF2OWp4NzlUM1F2YVJSQzlqL0V5ZVF5aTlUd1JoRmYzMGJ5WjFMREdDUXZUZ0ZvaUF6Z0VBCjN2L1hGY2VEU0UrYlAyVTkwN2JWQnZNODRhUjVFR0RucjVHcU5NRHhoNktRLzdPV015a1lKNmNEbDF5VDFuSTkKR1c0eWVlTXR2cEI4Ci0tLS0tRU5EIENFUlRJRklDQVRFLS0tLS0K"
              }
            ],
            "cluster_id": null,
            "compute_config": [
              {
                "enabled": false,
                "node_pools": [],
                "node_role_arn": ""
              }
            ],
            "created_at": "2025-10-05T14:48:21Z",
            "deletion_protection": false,
            "enabled_cluster_log_types": [],
            "endpoint": "https://16805CB17CD31039782499B799FC0ED5.gr7.us-east-1.eks.amazonaws.com",
            "id": "eks-techchallenge-fiap-fase3-2153",
            "identity": [
              {
                "oidc": [
                  {
                    "issuer": "https://oidc.eks.us-east-1.amazonaws.com/id/16805CB17CD31039782499B799FC0ED5"
                  }
                ]
              }
            ],
            "kubernetes_network_config": [
              {
                "elastic_load_balancing": [
                  {
                    "enabled": false
                  }
                ],
                "ip_family": "ipv4",
                "service_ipv4_cidr": "172.20.0.0/16",
                "service_ipv6_cidr": ""
              }
            ],
            "name": "eks-techchallenge-fiap-fase3-2153",
            "outpost_config": [],
            "platform_version": "eks.39",
            "region": "us-east-1",
            "remote_network_config": [],
            "role_arn": "arn:aws:iam::243645409029:role/eks-cluster-role",
            "status": "ACTIVE",
            "storage_config": [
              {
                "block_storage": [
                  {
                    "enabled": false
                  }
                ]
              }
            ],
            "tags": {},
            "upgrade_policy": [
              {
                "support_type": "EXTENDED"
              }
            ],
            "version": "1.31",
            "vpc_config": [
              {
                "cluster_security_group_id": "sg-09db6e52f8ca9b814",
                "endpoint_private_access": false,
                "endpoint_public_access": true,
                "public_access_cidrs": [
                  "0.0.0.0/0"
                ],
                "security_group_ids": [],
                "subnet_ids": [
                  "subnet-08b097a47c5e36c1a",
                  "subnet-0952a073e0db1992e",
                  "subnet-0eaa82debd6400a44"
                ],
                "vpc_id": "vpc-03d05a3ed9480a5ac"
              }
            ],
            "zonal_shift_config": []
          },
          "sensitive_attributes": [],
          "identity_schema_version": 0
        }
      ]
    },
    {
      "mode": "data",
      "type": "aws_eks_cluster_auth",
      "name": "auth",
      "provider": "provider[\"registry.terraform.io/hashicorp/aws\"]",
      "instances": [
        {
          "schema_version": 0,
          "attributes": {
            "id": "eks-techchallenge-fiap-fase3-2153",
            "name": "eks-techchallenge-fiap-fase3-2153",
            "region": "us-east-1",
            "token": "k8s-aws-v1.aHR0cHM6Ly9zdHMudXMtZWFzdC0xLmFtYXpvbmF3cy5jb20vP0FjdGlvbj1HZXRDYWxsZXJJZGVudGl0eSZWZXJzaW9uPTIwMTEtMDYtMTUmWC1BbXotQWxnb3JpdGhtPUFXUzQtSE1BQy1TSEEyNTYmWC1BbXotQ3JlZGVudGlhbD1BS0lBVFJPVEY0NEMyT1kzSU82WCUyRjIwMjUxMDA1JTJGdXMtZWFzdC0xJTJGc3RzJTJGYXdzNF9yZXF1ZXN0JlgtQW16LURhdGU9MjAyNTEwMDVUMjAxMjUzWiZYLUFtei1FeHBpcmVzPTAmWC1BbXotU2lnbmVkSGVhZGVycz1ob3N0JTNCeC1rOHMtYXdzLWlkJlgtQW16LVNpZ25hdHVyZT0wMzM3ZjdiMTg0OWU3YWI0MTY0Y2JlYmY2M2IyZDFhY2Q5NWY3NThlMDA1ZjI2MTFlZDUzMzFhYmIyNDNmM2Y2"
          },
          "sensitive_attributes": [
            [
              {
                "type": "get_attr",
                "value": "token"
              }
            ]
          ],
          "identity_schema_version": 0
        }
      ]
    },
    {
      "mode": "data",
      "type": "aws_iam_user",
      "name": "principal_user",
      "provider": "provider[\"registry.terraform.io/hashicorp/aws\"]",
      "instances": [
        {
          "schema_version": 0,
          "attributes": {
            "arn": "arn:aws:iam::243645409029:user/herlessi",
            "id": "AIDATROTF44CYSXQXFCPG",
            "path": "/",
            "permissions_boundary": "",
            "tags": {},
            "user_id": "AIDATROTF44CYSXQXFCPG",
            "user_name": "herlessi"
          },
          "sensitive_attributes": [],
          "identity_schema_version": 0
        }
      ]
    },
    {
      "mode": "data",
      "type": "aws_subnets",
      "name": "eks_private_subnets",
      "provider": "provider[\"registry.terraform.io/hashicorp/aws\"]",
      "instances": [
        {
          "schema_version": 0,
          "attributes": {
            "filter": [
              {
                "name": "vpc-id",
                "values": [
                  "vpc-03d05a3ed9480a5ac"
                ]
              }
            ],
            "id": "us-east-1",
            "ids": [
              "subnet-0eaa82debd6400a44",
              "subnet-0952a073e0db1992e",
              "subnet-08b097a47c5e36c1a"
            ],
            "region": "us-east-1",
            "tags": null,
            "timeouts": null
          },
          "sensitive_attributes": [],
          "identity_schema_version": 0
        }
      ]
    },
    {
      "mode": "data",
      "type": "aws_vpc",
      "name": "eks_vpc",
      "provider": "provider[\"registry.terraform.io/hashicorp/aws\"]",
      "instances": [
        {
          "schema_version": 0,
          "attributes": {
            "arn": "arn:aws:ec2:us-east-1:243645409029:vpc/vpc-03d05a3ed9480a5ac",
            "cidr_block": "10.0.0.0/16",
            "cidr_block_associations": [
              {
                "association_id": "vpc-cidr-assoc-0c389001804b5eba3",
                "cidr_block": "10.0.0.0/16",
                "state": "associated"
              }
            ],
            "default": false,
            "dhcp_options_id": "dopt-0e2295dd22be8bfe4",
            "enable_dns_hostnames": true,
            "enable_dns_support": true,
            "enable_network_address_usage_metrics": false,
            "filter": null,
            "id": "vpc-03d05a3ed9480a5ac",
            "instance_tenancy": "default",
            "ipv6_association_id": "",
            "ipv6_cidr_block": "",
            "main_route_table_id": "rtb-05f38799974180f64",
            "owner_id": "243645409029",
            "region": "us-east-1",
            "state": null,
            "tags": {
              "Name": "vpc_techchallenge_fiap_fase3_2153"
            },
            "timeouts": null
          },
          "sensitive_attributes": [],
          "identity_schema_version": 0
        }
      ]
    },
    {
      "mode": "managed",
      "type": "kubectl_manifest",
      "name": "database_secret",
      "provider": "provider[\"registry.terraform.io/gavinbunney/kubectl\"]",
      "instances": [
        {
          "schema_version": 1,
          "attributes": {
            "api_version": "v1",
            "apply_only": false,
            "force_conflicts": false,
            "force_new": false,
            "id": "/api/v1/namespaces/default/secrets/database-secret",
            "ignore_fields": null,
            "kind": "Secret",
            "live_manifest_incluster": "eeff8edf3594a8b993a5a6d9ccb61764df32c44a2964f9d0a050f50e057720fc",
            "live_uid": "a2e6250d-97fd-40b2-929c-e2c5f57c0739",
            "name": "database-secret",
            "namespace": null,
            "override_namespace": null,
            "sensitive_fields": null,
            "server_side_apply": false,
            "timeouts": null,
            "uid": "a2e6250d-97fd-40b2-929c-e2c5f57c0739",
            "validate_schema": true,
            "wait": null,
            "wait_for_rollout": true,
            "yaml_body": "apiVersion: v1\r\nkind: Secret\r\nmetadata:\r\n  name: database-secret\r\ntype: Opaque\r\ndata:\r\n  password: bXlwYXNzd29yZDEyMw==  # base64 de 'mypassword123'\r\n",
            "yaml_body_parsed": "apiVersion: v1\ndata: (sensitive value)\nkind: Secret\nmetadata:\n  name: database-secret\ntype: Opaque\n",
            "yaml_incluster": "eeff8edf3594a8b993a5a6d9ccb61764df32c44a2964f9d0a050f50e057720fc"
          },
          "sensitive_attributes": [
            [
              {
                "type": "get_attr",
                "value": "live_manifest_incluster"
              }
            ],
            [
              {
                "type": "get_attr",
                "value": "yaml_body"
              }
            ],
            [
              {
                "type": "get_attr",
                "value": "yaml_incluster"
              }
            ]
          ],
          "identity_schema_version": 0,
          "private": "eyJlMmJmYjczMC1lY2FhLTExZTYtOGY4OC0zNDM2M2JjN2M0YzAiOnsiY3JlYXRlIjo2MDAwMDAwMDAwMDB9LCJzY2hlbWFfdmVyc2lvbiI6IjEifQ==",
          "dependencies": [
            "data.aws_eks_cluster.cluster",
            "data.aws_eks_cluster_auth.auth"
          ]
        }
      ]
    }
  ],
  "check_results": null
}
