{
  "version": 4,
  "terraform_version": "1.12.2",
  "serial": 143,
  "lineage": "5acfe73c-c227-6d15-6668-908cf4b8b898",
  "outputs": {},
  "resources": [
    {
      "mode": "data",
      "type": "aws_eks_cluster",
      "name": "cluster",
      "provider": "provider[\"registry.terraform.io/hashicorp/aws\"]",
      "instances": [
        {
          "schema_version": 0,
          "attributes": {
            "access_config": [
              {
                "authentication_mode": "API",
                "bootstrap_cluster_creator_admin_permissions": true
              }
            ],
            "arn": "arn:aws:eks:us-east-1:243645409029:cluster/eks-techchallenge-fiap-fase3-2153",
            "certificate_authority": [
              {
                "data": "LS0tLS1CRUdJTiBDRVJUSUZJQ0FURS0tLS0tCk1JSURCVENDQWUyZ0F3SUJBZ0lJQ2s0Z2tGK2Zabkl3RFFZSktvWklodmNOQVFFTEJRQXdGVEVUTUJFR0ExVUUKQXhNS2EzVmlaWEp1WlhSbGN6QWVGdzB5TlRFd01EUXhOVFE0TWpaYUZ3MHpOVEV3TURJeE5UVXpNalphTUJVeApFekFSQmdOVkJBTVRDbXQxWW1WeWJtVjBaWE13Z2dFaU1BMEdDU3FHU0liM0RRRUJBUVVBQTRJQkR3QXdnZ0VLCkFvSUJBUURmZ3JOcFJkRFAyQTF1RkZFV1pPZkhtOWhxVVBFUnlKbUlQc0VFVG1rWmRiRlhlRXh0MnlTK2ZvQTAKTWFzdzNWRzlyOEpwUlVraW12a3FmUlYyOURuSlp3OW9scUNpc08wc3l2NjBGZHYrT1F5YjV6eUg0T3pQOEZLYwp6akNDNUpUZlhWOFcyeTdqdzFpRThIaEZ2c0J6RHMvNDZpSVJiWlVnQ3RJRjNtdVJHNWVrNWtuUHRBb1R2bFNqCmxxa1JsaUhJYW4yZXFYVG5oZWdEQmZnU2VJWGNHUWUyS25FNk5NM2pkVlo1V1E1anhybnMvSzVEKzFoZVN3bHEKOEt2T2JVeVQ5dkp1cklheXdkbFdhQ0dLaXBCSUl6UUN1MEE5WUVqeXFUbVU4K1JnTDQ3Ym50Tmh4OXI5ZlZVYwp4dTMzUlZpcDFHb2d1bFR1SURIY3FCNmZPSTBOQWdNQkFBR2pXVEJYTUE0R0ExVWREd0VCL3dRRUF3SUNwREFQCkJnTlZIUk1CQWY4RUJUQURBUUgvTUIwR0ExVWREZ1FXQkJUdWhuZ0JiRStaQUY0NDVNYTB2QWIwWlBMMXhEQVYKQmdOVkhSRUVEakFNZ2dwcmRXSmxjbTVsZEdWek1BMEdDU3FHU0liM0RRRUJDd1VBQTRJQkFRQlNCelhadzNmZApBRkpnMTk3V2h2UUlSOU9GSHpDQU15UklpNEJndmFWd3lWbEEzRnlTUUtkYUZMNnd2WjR6WVB2Kzc5VkJHZGNpCkhISHhHeW50QkllWm1seVpVdTk4M2p4MXZabGdueXB0Q0RrVTFVQ2VmbzBBOGNkMVVCTzI3UjFIWDRWNUNBZFQKbCs5d2ExOGFadjJVNVVLSklDTklrZXRXZm5ydDRHWG9TQVVRRmlaMURqbkRyUnlrTEJTU25rZUpMdWZrTzVyQwpwUW9OSGdnbDRaWEpTVnNIelIxWTN4S3REVTFlUUJ0dE1vSE9oWUw3d3FOaXJPakZoTmJ0dzZWT1FLMGNYQ0ZhCmsrODZXL1JYcVZkaFJtNURkcEhMNlBqbDY1UTB4VGM2SzhwRzg5azI4RGxINHVBVVlLTGxBc1I5Tm81MElVaFAKcDZob1Y1NVU1eTNHCi0tLS0tRU5EIENFUlRJRklDQVRFLS0tLS0K"
              }
            ],
            "cluster_id": null,
            "compute_config": [
              {
                "enabled": false,
                "node_pools": [],
                "node_role_arn": ""
              }
            ],
            "created_at": "2025-10-04T15:47:26Z",
            "deletion_protection": false,
            "enabled_cluster_log_types": [],
            "endpoint": "https://CF4A8AD8DB552BC4A9AD81209C16DFE2.gr7.us-east-1.eks.amazonaws.com",
            "id": "eks-techchallenge-fiap-fase3-2153",
            "identity": [
              {
                "oidc": [
                  {
                    "issuer": "https://oidc.eks.us-east-1.amazonaws.com/id/CF4A8AD8DB552BC4A9AD81209C16DFE2"
                  }
                ]
              }
            ],
            "kubernetes_network_config": [
              {
                "elastic_load_balancing": [
                  {
                    "enabled": false
                  }
                ],
                "ip_family": "ipv4",
                "service_ipv4_cidr": "172.20.0.0/16",
                "service_ipv6_cidr": ""
              }
            ],
            "name": "eks-techchallenge-fiap-fase3-2153",
            "outpost_config": [],
            "platform_version": "eks.39",
            "region": "us-east-1",
            "remote_network_config": [],
            "role_arn": "arn:aws:iam::243645409029:role/eks-cluster-role",
            "status": "ACTIVE",
            "storage_config": [
              {
                "block_storage": [
                  {
                    "enabled": false
                  }
                ]
              }
            ],
            "tags": {},
            "upgrade_policy": [
              {
                "support_type": "EXTENDED"
              }
            ],
            "version": "1.31",
            "vpc_config": [
              {
                "cluster_security_group_id": "sg-062c96ed97a82f91e",
                "endpoint_private_access": false,
                "endpoint_public_access": true,
                "public_access_cidrs": [
                  "0.0.0.0/0"
                ],
                "security_group_ids": [],
                "subnet_ids": [
                  "subnet-0707dc0231d49c066",
                  "subnet-0a84417324bbb859c",
                  "subnet-0ce5c62b40cd3b080"
                ],
                "vpc_id": "vpc-02db4b35d6251077a"
              }
            ],
            "zonal_shift_config": []
          },
          "sensitive_attributes": [],
          "identity_schema_version": 0
        }
      ]
    },
    {
      "mode": "data",
      "type": "aws_eks_cluster_auth",
      "name": "auth",
      "provider": "provider[\"registry.terraform.io/hashicorp/aws\"]",
      "instances": [
        {
          "schema_version": 0,
          "attributes": {
            "id": "eks-techchallenge-fiap-fase3-2153",
            "name": "eks-techchallenge-fiap-fase3-2153",
            "region": "us-east-1",
            "token": "k8s-aws-v1.aHR0cHM6Ly9zdHMudXMtZWFzdC0xLmFtYXpvbmF3cy5jb20vP0FjdGlvbj1HZXRDYWxsZXJJZGVudGl0eSZWZXJzaW9uPTIwMTEtMDYtMTUmWC1BbXotQWxnb3JpdGhtPUFXUzQtSE1BQy1TSEEyNTYmWC1BbXotQ3JlZGVudGlhbD1BS0lBVFJPVEY0NEMyT1kzSU82WCUyRjIwMjUxMDA0JTJGdXMtZWFzdC0xJTJGc3RzJTJGYXdzNF9yZXF1ZXN0JlgtQW16LURhdGU9MjAyNTEwMDRUMjMwODQ2WiZYLUFtei1FeHBpcmVzPTAmWC1BbXotU2lnbmVkSGVhZGVycz1ob3N0JTNCeC1rOHMtYXdzLWlkJlgtQW16LVNpZ25hdHVyZT00ZjMxZWU2MjQzY2RkNmRiM2YzZGEzODRiZDgxNmRlMTM2Y2JmYmYwNDU2Zjc2OWZlZDNkNGUwMmQzMTg5NTc2"
          },
          "sensitive_attributes": [
            [
              {
                "type": "get_attr",
                "value": "token"
              }
            ]
          ],
          "identity_schema_version": 0
        }
      ]
    },
    {
      "mode": "data",
      "type": "aws_iam_user",
      "name": "principal_user",
      "provider": "provider[\"registry.terraform.io/hashicorp/aws\"]",
      "instances": [
        {
          "schema_version": 0,
          "attributes": {
            "arn": "arn:aws:iam::243645409029:user/herlessi",
            "id": "AIDATROTF44CYSXQXFCPG",
            "path": "/",
            "permissions_boundary": "",
            "tags": {},
            "user_id": "AIDATROTF44CYSXQXFCPG",
            "user_name": "herlessi"
          },
          "sensitive_attributes": [],
          "identity_schema_version": 0
        }
      ]
    },
    {
      "mode": "data",
      "type": "aws_subnets",
      "name": "eks_private_subnets",
      "provider": "provider[\"registry.terraform.io/hashicorp/aws\"]",
      "instances": [
        {
          "schema_version": 0,
          "attributes": {
            "filter": [
              {
                "name": "vpc-id",
                "values": [
                  "vpc-02db4b35d6251077a"
                ]
              }
            ],
            "id": "us-east-1",
            "ids": [
              "subnet-0707dc0231d49c066",
              "subnet-0a84417324bbb859c",
              "subnet-0ce5c62b40cd3b080"
            ],
            "region": "us-east-1",
            "tags": null,
            "timeouts": null
          },
          "sensitive_attributes": [],
          "identity_schema_version": 0
        }
      ]
    },
    {
      "mode": "data",
      "type": "aws_vpc",
      "name": "eks_vpc",
      "provider": "provider[\"registry.terraform.io/hashicorp/aws\"]",
      "instances": [
        {
          "schema_version": 0,
          "attributes": {
            "arn": "arn:aws:ec2:us-east-1:243645409029:vpc/vpc-02db4b35d6251077a",
            "cidr_block": "10.0.0.0/16",
            "cidr_block_associations": [
              {
                "association_id": "vpc-cidr-assoc-0ed5f700c8eb3d6c1",
                "cidr_block": "10.0.0.0/16",
                "state": "associated"
              }
            ],
            "default": false,
            "dhcp_options_id": "dopt-0e2295dd22be8bfe4",
            "enable_dns_hostnames": true,
            "enable_dns_support": true,
            "enable_network_address_usage_metrics": false,
            "filter": null,
            "id": "vpc-02db4b35d6251077a",
            "instance_tenancy": "default",
            "ipv6_association_id": "",
            "ipv6_cidr_block": "",
            "main_route_table_id": "rtb-0327517d648225cf3",
            "owner_id": "243645409029",
            "region": "us-east-1",
            "state": null,
            "tags": {
              "Name": "vpc_techchallenge_fiap_fase3_2153"
            },
            "timeouts": null
          },
          "sensitive_attributes": [],
          "identity_schema_version": 0
        }
      ]
    },
    {
      "mode": "managed",
      "type": "aws_db_instance",
      "name": "rds_postgres",
      "provider": "provider[\"registry.terraform.io/hashicorp/aws\"]",
      "instances": [
        {
          "schema_version": 2,
          "attributes": {
            "address": "my-postgres-db.cw1ogy28g1ak.us-east-1.rds.amazonaws.com",
            "allocated_storage": 20,
            "allow_major_version_upgrade": null,
            "apply_immediately": false,
            "arn": "arn:aws:rds:us-east-1:243645409029:db:my-postgres-db",
            "auto_minor_version_upgrade": true,
            "availability_zone": "us-east-1b",
            "backup_retention_period": 0,
            "backup_target": "region",
            "backup_window": "03:35-04:05",
            "blue_green_update": [],
            "ca_cert_identifier": "rds-ca-rsa2048-g1",
            "character_set_name": "",
            "copy_tags_to_snapshot": false,
            "custom_iam_instance_profile": "",
            "customer_owned_ip_enabled": false,
            "database_insights_mode": "standard",
            "db_name": "fiap_loja",
            "db_subnet_group_name": "rds-subnet-group",
            "dedicated_log_volume": false,
            "delete_automated_backups": true,
            "deletion_protection": false,
            "domain": "",
            "domain_auth_secret_arn": "",
            "domain_dns_ips": [],
            "domain_fqdn": "",
            "domain_iam_role_name": "",
            "domain_ou": "",
            "enabled_cloudwatch_logs_exports": [],
            "endpoint": "my-postgres-db.cw1ogy28g1ak.us-east-1.rds.amazonaws.com:5432",
            "engine": "postgres",
            "engine_lifecycle_support": "open-source-rds-extended-support",
            "engine_version": "17.4",
            "engine_version_actual": "17.4",
            "final_snapshot_identifier": null,
            "hosted_zone_id": "Z2R2ITUGPM61AM",
            "iam_database_authentication_enabled": false,
            "id": "db-KFBTZUPZT7KCRLZD5IMBCGREMY",
            "identifier": "my-postgres-db",
            "identifier_prefix": "",
            "instance_class": "db.t3.micro",
            "iops": 0,
            "kms_key_id": "",
            "latest_restorable_time": "",
            "license_model": "postgresql-license",
            "listener_endpoint": [],
            "maintenance_window": "fri:08:21-fri:08:51",
            "manage_master_user_password": null,
            "master_user_secret": [],
            "master_user_secret_kms_key_id": null,
            "max_allocated_storage": 0,
            "monitoring_interval": 0,
            "monitoring_role_arn": "",
            "multi_az": false,
            "nchar_character_set_name": "",
            "network_type": "IPV4",
            "option_group_name": "default:postgres-17",
            "parameter_group_name": "default.postgres17",
            "password": "mypassword123",
            "password_wo": null,
            "password_wo_version": null,
            "performance_insights_enabled": false,
            "performance_insights_kms_key_id": "",
            "performance_insights_retention_period": 0,
            "port": 5432,
            "publicly_accessible": true,
            "region": "us-east-1",
            "replica_mode": "",
            "replicas": [],
            "replicate_source_db": "",
            "resource_id": "db-KFBTZUPZT7KCRLZD5IMBCGREMY",
            "restore_to_point_in_time": [],
            "s3_import": [],
            "skip_final_snapshot": true,
            "snapshot_identifier": null,
            "status": "available",
            "storage_encrypted": false,
            "storage_throughput": 0,
            "storage_type": "gp2",
            "tags": {
              "Name": "my-postgres-db"
            },
            "tags_all": {
              "Name": "my-postgres-db"
            },
            "timeouts": null,
            "timezone": "",
            "upgrade_storage_config": null,
            "username": "myuser",
            "vpc_security_group_ids": [
              "sg-00e7851afbfb9e3fa"
            ]
          },
          "sensitive_attributes": [
            [
              {
                "type": "get_attr",
                "value": "password"
              }
            ],
            [
              {
                "type": "get_attr",
                "value": "password_wo"
              }
            ],
            [
              {
                "type": "get_attr",
                "value": "username"
              }
            ]
          ],
          "identity_schema_version": 0,
          "private": "eyJlMmJmYjczMC1lY2FhLTExZTYtOGY4OC0zNDM2M2JjN2M0YzAiOnsiY3JlYXRlIjozMDAwMDAwMDAwMDAwLCJkZWxldGUiOjM2MDAwMDAwMDAwMDAsInVwZGF0ZSI6NDgwMDAwMDAwMDAwMH0sInNjaGVtYV92ZXJzaW9uIjoiMiJ9",
          "dependencies": [
            "aws_db_subnet_group.rds_subnet_group",
            "aws_secretsmanager_secret.db_secret",
            "aws_secretsmanager_secret_version.db_secret_version",
            "aws_security_group.rds_sg",
            "data.aws_eks_cluster.cluster",
            "data.aws_subnets.eks_private_subnets",
            "data.aws_vpc.eks_vpc"
          ]
        }
      ]
    },
    {
      "mode": "managed",
      "type": "aws_db_subnet_group",
      "name": "rds_subnet_group",
      "provider": "provider[\"registry.terraform.io/hashicorp/aws\"]",
      "instances": [
        {
          "schema_version": 0,
          "attributes": {
            "arn": "arn:aws:rds:us-east-1:243645409029:subgrp:rds-subnet-group",
            "description": "Managed by Terraform",
            "id": "rds-subnet-group",
            "name": "rds-subnet-group",
            "name_prefix": "",
            "region": "us-east-1",
            "subnet_ids": [
              "subnet-0707dc0231d49c066",
              "subnet-0a84417324bbb859c",
              "subnet-0ce5c62b40cd3b080"
            ],
            "supported_network_types": [
              "IPV4"
            ],
            "tags": {
              "Name": "rds-subnet-group"
            },
            "tags_all": {
              "Name": "rds-subnet-group"
            },
            "vpc_id": "vpc-02db4b35d6251077a"
          },
          "sensitive_attributes": [],
          "identity_schema_version": 0,
          "private": "bnVsbA==",
          "dependencies": [
            "data.aws_eks_cluster.cluster",
            "data.aws_subnets.eks_private_subnets",
            "data.aws_vpc.eks_vpc"
          ]
        }
      ]
    },
    {
      "mode": "managed",
      "type": "aws_secretsmanager_secret",
      "name": "db_secret",
      "provider": "provider[\"registry.terraform.io/hashicorp/aws\"]",
      "instances": [
        {
          "schema_version": 0,
          "attributes": {
            "arn": "arn:aws:secretsmanager:us-east-1:243645409029:secret:rds-db-credentials3-nKUmqI",
            "description": "",
            "force_overwrite_replica_secret": false,
            "id": "arn:aws:secretsmanager:us-east-1:243645409029:secret:rds-db-credentials3-nKUmqI",
            "kms_key_id": "",
            "name": "rds-db-credentials3",
            "name_prefix": "",
            "policy": "",
            "recovery_window_in_days": 30,
            "region": "us-east-1",
            "replica": [],
            "tags": {},
            "tags_all": {}
          },
          "sensitive_attributes": [],
          "identity_schema_version": 0,
          "identity": {
            "arn": "arn:aws:secretsmanager:us-east-1:243645409029:secret:rds-db-credentials3-nKUmqI"
          },
          "private": "bnVsbA=="
        }
      ]
    },
    {
      "mode": "managed",
      "type": "aws_secretsmanager_secret_version",
      "name": "db_secret_version",
      "provider": "provider[\"registry.terraform.io/hashicorp/aws\"]",
      "instances": [
        {
          "schema_version": 0,
          "attributes": {
            "arn": "arn:aws:secretsmanager:us-east-1:243645409029:secret:rds-db-credentials3-nKUmqI",
            "has_secret_string_wo": null,
            "id": "arn:aws:secretsmanager:us-east-1:243645409029:secret:rds-db-credentials3-nKUmqI|terraform-20251004225055133900000002",
            "region": "us-east-1",
            "secret_binary": "",
            "secret_id": "arn:aws:secretsmanager:us-east-1:243645409029:secret:rds-db-credentials3-nKUmqI",
            "secret_string": "{\"password\":\"mypassword123\",\"username\":\"myuser\"}",
            "secret_string_wo": null,
            "secret_string_wo_version": null,
            "version_id": "terraform-20251004225055133900000002",
            "version_stages": [
              "AWSCURRENT"
            ]
          },
          "sensitive_attributes": [
            [
              {
                "type": "get_attr",
                "value": "secret_binary"
              }
            ],
            [
              {
                "type": "get_attr",
                "value": "secret_string"
              }
            ],
            [
              {
                "type": "get_attr",
                "value": "secret_string_wo"
              }
            ]
          ],
          "identity_schema_version": 0,
          "identity": {
            "account_id": "243645409029",
            "region": "us-east-1",
            "secret_id": "arn:aws:secretsmanager:us-east-1:243645409029:secret:rds-db-credentials3-nKUmqI",
            "version_id": "terraform-20251004225055133900000002"
          },
          "private": "bnVsbA==",
          "dependencies": [
            "aws_secretsmanager_secret.db_secret"
          ]
        }
      ]
    },
    {
      "mode": "managed",
      "type": "aws_security_group",
      "name": "rds_sg",
      "provider": "provider[\"registry.terraform.io/hashicorp/aws\"]",
      "instances": [
        {
          "schema_version": 1,
          "attributes": {
            "arn": "arn:aws:ec2:us-east-1:243645409029:security-group/sg-00e7851afbfb9e3fa",
            "description": "Allow PostgreSQL access",
            "egress": [
              {
                "cidr_blocks": [
                  "0.0.0.0/0"
                ],
                "description": "",
                "from_port": 0,
                "ipv6_cidr_blocks": [],
                "prefix_list_ids": [],
                "protocol": "-1",
                "security_groups": [],
                "self": false,
                "to_port": 0
              }
            ],
            "id": "sg-00e7851afbfb9e3fa",
            "ingress": [
              {
                "cidr_blocks": [
                  "0.0.0.0/0"
                ],
                "description": "",
                "from_port": 5432,
                "ipv6_cidr_blocks": [],
                "prefix_list_ids": [],
                "protocol": "tcp",
                "security_groups": [],
                "self": false,
                "to_port": 5432
              }
            ],
            "name": "rds-security-group",
            "name_prefix": "",
            "owner_id": "243645409029",
            "region": "us-east-1",
            "revoke_rules_on_delete": false,
            "tags": {
              "Name": "rds-sg"
            },
            "tags_all": {
              "Name": "rds-sg"
            },
            "timeouts": null,
            "vpc_id": "vpc-02db4b35d6251077a"
          },
          "sensitive_attributes": [],
          "identity_schema_version": 0,
          "identity": {
            "account_id": "243645409029",
            "id": "sg-00e7851afbfb9e3fa",
            "region": "us-east-1"
          },
          "private": "eyJlMmJmYjczMC1lY2FhLTExZTYtOGY4OC0zNDM2M2JjN2M0YzAiOnsiY3JlYXRlIjo2MDAwMDAwMDAwMDAsImRlbGV0ZSI6OTAwMDAwMDAwMDAwfSwic2NoZW1hX3ZlcnNpb24iOiIxIn0=",
          "dependencies": [
            "data.aws_eks_cluster.cluster",
            "data.aws_vpc.eks_vpc"
          ]
        }
      ]
    },
    {
      "mode": "managed",
      "type": "kubectl_manifest",
      "name": "database_configmap",
      "provider": "provider[\"registry.terraform.io/gavinbunney/kubectl\"]",
      "instances": [
        {
          "schema_version": 1,
          "attributes": {
            "api_version": "v1",
            "apply_only": false,
            "force_conflicts": false,
            "force_new": false,
            "id": "/api/v1/namespaces/default/configmaps/database-fiap-fase3",
            "ignore_fields": null,
            "kind": "ConfigMap",
            "live_manifest_incluster": "6e5365dbc1b770f43e6036bddb4147a479cbe5950a37174469c665f7ff7b2b91",
            "live_uid": "b69e159f-ea7c-4d56-b701-4174474e0d7a",
            "name": "database-fiap-fase3",
            "namespace": null,
            "override_namespace": null,
            "sensitive_fields": null,
            "server_side_apply": false,
            "timeouts": null,
            "uid": "b69e159f-ea7c-4d56-b701-4174474e0d7a",
            "validate_schema": true,
            "wait": null,
            "wait_for_rollout": true,
            "yaml_body": "apiVersion: v1\r\nkind: ConfigMap\r\nmetadata:\r\n  name: database-fiap-fase3\r\ndata:\r\n  POSTGRES_DB: fiap_loja\r\n  POSTGRES_USER: myuser\r\n  POSTGRES_HOST: my-postgres-db.cw1ogy28g1ak.us-east-1.rds.amazonaws.com\r\n  POSTGRES_PORT: '5432'\r\n",
            "yaml_body_parsed": "apiVersion: v1\ndata:\n  POSTGRES_DB: fiap_loja\n  POSTGRES_HOST: my-postgres-db.cw1ogy28g1ak.us-east-1.rds.amazonaws.com\n  POSTGRES_PORT: \"5432\"\n  POSTGRES_USER: myuser\nkind: ConfigMap\nmetadata:\n  name: database-fiap-fase3\n",
            "yaml_incluster": "6e5365dbc1b770f43e6036bddb4147a479cbe5950a37174469c665f7ff7b2b91"
          },
          "sensitive_attributes": [
            [
              {
                "type": "get_attr",
                "value": "live_manifest_incluster"
              }
            ],
            [
              {
                "type": "get_attr",
                "value": "yaml_body"
              }
            ],
            [
              {
                "type": "get_attr",
                "value": "yaml_incluster"
              }
            ]
          ],
          "identity_schema_version": 0,
          "private": "eyJlMmJmYjczMC1lY2FhLTExZTYtOGY4OC0zNDM2M2JjN2M0YzAiOnsiY3JlYXRlIjo2MDAwMDAwMDAwMDB9LCJzY2hlbWFfdmVyc2lvbiI6IjEifQ==",
          "dependencies": [
            "aws_db_instance.rds_postgres",
            "aws_db_subnet_group.rds_subnet_group",
            "aws_secretsmanager_secret.db_secret",
            "aws_secretsmanager_secret_version.db_secret_version",
            "aws_security_group.rds_sg",
            "data.aws_eks_cluster.cluster",
            "data.aws_eks_cluster_auth.auth",
            "data.aws_subnets.eks_private_subnets",
            "data.aws_vpc.eks_vpc"
          ]
        }
      ]
    },
    {
      "mode": "managed",
      "type": "kubectl_manifest",
      "name": "database_secret",
      "provider": "provider[\"registry.terraform.io/gavinbunney/kubectl\"]",
      "instances": [
        {
          "schema_version": 1,
          "attributes": {
            "api_version": "v1",
            "apply_only": false,
            "force_conflicts": false,
            "force_new": false,
            "id": "/api/v1/namespaces/default/secrets/database-secret",
            "ignore_fields": null,
            "kind": "Secret",
            "live_manifest_incluster": "eeff8edf3594a8b993a5a6d9ccb61764df32c44a2964f9d0a050f50e057720fc",
            "live_uid": "1dae9a79-eef5-4b7d-b6b2-8f4b0e7bbc75",
            "name": "database-secret",
            "namespace": null,
            "override_namespace": null,
            "sensitive_fields": null,
            "server_side_apply": false,
            "timeouts": null,
            "uid": "1dae9a79-eef5-4b7d-b6b2-8f4b0e7bbc75",
            "validate_schema": true,
            "wait": null,
            "wait_for_rollout": true,
            "yaml_body": "apiVersion: v1\r\nkind: Secret\r\nmetadata:\r\n  name: database-secret\r\ntype: Opaque\r\ndata:\r\n  password: bXlwYXNzd29yZDEyMw==  # base64 de 'mypassword123'\r\n",
            "yaml_body_parsed": "apiVersion: v1\ndata: (sensitive value)\nkind: Secret\nmetadata:\n  name: database-secret\ntype: Opaque\n",
            "yaml_incluster": "eeff8edf3594a8b993a5a6d9ccb61764df32c44a2964f9d0a050f50e057720fc"
          },
          "sensitive_attributes": [
            [
              {
                "type": "get_attr",
                "value": "live_manifest_incluster"
              }
            ],
            [
              {
                "type": "get_attr",
                "value": "yaml_body"
              }
            ],
            [
              {
                "type": "get_attr",
                "value": "yaml_incluster"
              }
            ]
          ],
          "identity_schema_version": 0,
          "private": "eyJlMmJmYjczMC1lY2FhLTExZTYtOGY4OC0zNDM2M2JjN2M0YzAiOnsiY3JlYXRlIjo2MDAwMDAwMDAwMDB9LCJzY2hlbWFfdmVyc2lvbiI6IjEifQ==",
          "dependencies": [
            "data.aws_eks_cluster.cluster",
            "data.aws_eks_cluster_auth.auth"
          ]
        }
      ]
    }
  ],
  "check_results": null
}
